// !$*UTF8*$!
{
	archiveVersion = 1;
	classes = {};
	objectVersion = 77;
	objects = {

/* Begin PBXBuildFile section */
		100000000000000000000001 /* APIClient.swift in Sources */ = {isa = PBXBuildFile; fileRef = 200000000000000000000001 /* APIClient.swift */; };
		100000000000000000000002 /* ChatViewModel.swift in Sources */ = {isa = PBXBuildFile; fileRef = 200000000000000000000002 /* ChatViewModel.swift */; };
		100000000000000000000003 /* ContentView.swift in Sources */ = {isa = PBXBuildFile; fileRef = 200000000000000000000003 /* ContentView.swift */; };
		100000000000000000000004 /* DAKSHApp.swift in Sources */ = {isa = PBXBuildFile; fileRef = 200000000000000000000004 /* DAKSHApp.swift */; };
		100000000000000000000005 /* Models.swift in Sources */ = {isa = PBXBuildFile; fileRef = 200000000000000000000005 /* Models.swift */; };
		100000000000000000000006 /* VoiceInputController.swift in Sources */ = {isa = PBXBuildFile; fileRef = 200000000000000000000006 /* VoiceInputController.swift */; };
		100000000000000000000011 /* APIClient.swift in Sources */ = {isa = PBXBuildFile; fileRef = 200000000000000000000001 /* APIClient.swift */; };
		100000000000000000000012 /* ChatViewModel.swift in Sources */ = {isa = PBXBuildFile; fileRef = 200000000000000000000002 /* ChatViewModel.swift */; };
		100000000000000000000013 /* ContentView.swift in Sources */ = {isa = PBXBuildFile; fileRef = 200000000000000000000003 /* ContentView.swift */; };
		100000000000000000000014 /* DAKSHApp.swift in Sources */ = {isa = PBXBuildFile; fileRef = 200000000000000000000004 /* DAKSHApp.swift */; };
		100000000000000000000015 /* Models.swift in Sources */ = {isa = PBXBuildFile; fileRef = 200000000000000000000005 /* Models.swift */; };
		100000000000000000000016 /* VoiceInputController.swift in Sources */ = {isa = PBXBuildFile; fileRef = 200000000000000000000006 /* VoiceInputController.swift */; };
/* End PBXBuildFile section */

/* Begin PBXFileReference section */
		200000000000000000000001 /* APIClient.swift */ = {isa = PBXFileReference; lastKnownFileType = sourcecode.swift; path = APIClient.swift; sourceTree = "<group>"; };
		200000000000000000000002 /* ChatViewModel.swift */ = {isa = PBXFileReference; lastKnownFileType = sourcecode.swift; path = ChatViewModel.swift; sourceTree = "<group>"; };
		200000000000000000000003 /* ContentView.swift */ = {isa = PBXFileReference; lastKnownFileType = sourcecode.swift; path = ContentView.swift; sourceTree = "<group>"; };
		200000000000000000000004 /* DAKSHApp.swift */ = {isa = PBXFileReference; lastKnownFileType = sourcecode.swift; path = DAKSHApp.swift; sourceTree = "<group>"; };
		200000000000000000000005 /* Models.swift */ = {isa = PBXFileReference; lastKnownFileType = sourcecode.swift; path = Models.swift; sourceTree = "<group>"; };
		200000000000000000000006 /* VoiceInputController.swift */ = {isa = PBXFileReference; lastKnownFileType = sourcecode.swift; path = VoiceInputController.swift; sourceTree = "<group>"; };
		200000000000000000000010 /* DAKSH iOS.app */ = {isa = PBXFileReference; explicitFileType = wrapper.application; includeInIndex = 0; path = "DAKSH iOS.app"; sourceTree = BUILT_PRODUCTS_DIR; };
		200000000000000000000020 /* DAKSH macOS.app */ = {isa = PBXFileReference; explicitFileType = wrapper.application; includeInIndex = 0; path = "DAKSH macOS.app"; sourceTree = BUILT_PRODUCTS_DIR; };
		200000000000000000000030 /* DAKSH-iOS-Info.plist */ = {isa = PBXFileReference; lastKnownFileType = text.plist.xml; path = "DAKSH-iOS-Info.plist"; sourceTree = "<group>"; };
		200000000000000000000031 /* DAKSH-macOS-Info.plist */ = {isa = PBXFileReference; lastKnownFileType = text.plist.xml; path = "DAKSH-macOS-Info.plist"; sourceTree = "<group>"; };
		200000000000000000000032 /* DAKSH-macOS.entitlements */ = {isa = PBXFileReference; lastKnownFileType = text.plist.entitlements; path = "DAKSH-macOS.entitlements"; sourceTree = "<group>"; };
/* End PBXFileReference section */

/* Begin PBXGroup section */
		300000000000000000000001 = {
			isa = PBXGroup;
			children = (
				300000000000000000000002 /* Sources */,
				300000000000000000000003 /* Configuration */,
				300000000000000000000004 /* Products */,
			);
			sourceTree = "<group>";
		};
		300000000000000000000002 /* Sources */ = {
			isa = PBXGroup;
			children = (
				200000000000000000000001 /* APIClient.swift */,
				200000000000000000000002 /* ChatViewModel.swift */,
				200000000000000000000003 /* ContentView.swift */,
				200000000000000000000004 /* DAKSHApp.swift */,
				200000000000000000000005 /* Models.swift */,
				200000000000000000000006 /* VoiceInputController.swift */,
			);
			path = Sources/DAKSH;
			sourceTree = "<group>";
		};
		300000000000000000000003 /* Configuration */ = {
			isa = PBXGroup;
			children = (
				200000000000000000000030 /* DAKSH-iOS-Info.plist */,
				200000000000000000000031 /* DAKSH-macOS-Info.plist */,
				200000000000000000000032 /* DAKSH-macOS.entitlements */,
			);
			path = Configuration;
			sourceTree = "<group>";
		};
		300000000000000000000004 /* Products */ = {
			isa = PBXGroup;
			children = (
				200000000000000000000010 /* DAKSH iOS.app */,
				200000000000000000000020 /* DAKSH macOS.app */,
			);
			name = Products;
			sourceTree = "<group>";
		};
/* End PBXGroup section */

/* Begin PBXNativeTarget section */
		400000000000000000000001 /* DAKSH iOS */ = {
			isa = PBXNativeTarget;
			buildConfigurationList = 500000000000000000000001 /* Build configuration list for PBXNativeTarget "DAKSH iOS" */;
			buildPhases = (
				600000000000000000000001 /* Sources */,
				600000000000000000000002 /* Frameworks */,
				600000000000000000000003 /* Resources */,
			);
			buildRules = ();
			dependencies = ();
			name = "DAKSH iOS";
			productName = "DAKSH iOS";
			productReference = 200000000000000000000010 /* DAKSH iOS.app */;
			productType = "com.apple.product-type.application";
		};
		400000000000000000000002 /* DAKSH macOS */ = {
			isa = PBXNativeTarget;
			buildConfigurationList = 500000000000000000000002 /* Build configuration list for PBXNativeTarget "DAKSH macOS" */;
			buildPhases = (
				600000000000000000000011 /* Sources */,
				600000000000000000000012 /* Frameworks */,
				600000000000000000000013 /* Resources */,
			);
			buildRules = ();
			dependencies = ();
			name = "DAKSH macOS";
			productName = "DAKSH macOS";
			productReference = 200000000000000000000020 /* DAKSH macOS.app */;
			productType = "com.apple.product-type.application";
		};
/* End PBXNativeTarget section */

/* Begin PBXProject section */
		700000000000000000000001 /* Project object */ = {
			isa = PBXProject;
			attributes = {
				BuildIndependentTargetsInParallel = 1;
				LastSwiftUpdateCheck = 2600;
				LastUpgradeCheck = 2600;
				TargetAttributes = {
					400000000000000000000001 = { CreatedOnToolsVersion = 26.0; };
					400000000000000000000002 = { CreatedOnToolsVersion = 26.0; };
				};
			};
			buildConfigurationList = 500000000000000000000003 /* Build configuration list for PBXProject "DAKSH" */;
			developmentRegion = en;
			hasScannedForEncodings = 0;
			knownRegions = (en, Base,);
			mainGroup = 300000000000000000000001;
			minimizedProjectReferenceProxies = 1;
			preferredProjectObjectVersion = 77;
			productRefGroup = 300000000000000000000004 /* Products */;
			projectDirPath = "";
			projectRoot = "";
			targets = (
				400000000000000000000001 /* DAKSH iOS */,
				400000000000000000000002 /* DAKSH macOS */,
			);
		};
/* End PBXProject section */

/* Begin PBXResourcesBuildPhase section */
		600000000000000000000003 /* Resources */ = { isa = PBXResourcesBuildPhase; buildActionMask = 2147483647; files = (); runOnlyForDeploymentPostprocessing = 0; };
		600000000000000000000013 /* Resources */ = { isa = PBXResourcesBuildPhase; buildActionMask = 2147483647; files = (); runOnlyForDeploymentPostprocessing = 0; };
/* End PBXResourcesBuildPhase section */

/* Begin PBXSourcesBuildPhase section */
		600000000000000000000001 /* Sources */ = {
			isa = PBXSourcesBuildPhase;
			buildActionMask = 2147483647;
			files = (100000000000000000000001 /* APIClient.swift in Sources */, 100000000000000000000002 /* ChatViewModel.swift in Sources */, 100000000000000000000003 /* ContentView.swift in Sources */, 100000000000000000000004 /* DAKSHApp.swift in Sources */, 100000000000000000000005 /* Models.swift in Sources */, 100000000000000000000006 /* VoiceInputController.swift in Sources */,);
			runOnlyForDeploymentPostprocessing = 0;
		};
		600000000000000000000011 /* Sources */ = {
			isa = PBXSourcesBuildPhase;
			buildActionMask = 2147483647;
			files = (100000000000000000000011 /* APIClient.swift in Sources */, 100000000000000000000012 /* ChatViewModel.swift in Sources */, 100000000000000000000013 /* ContentView.swift in Sources */, 100000000000000000000014 /* DAKSHApp.swift in Sources */, 100000000000000000000015 /* Models.swift in Sources */, 100000000000000000000016 /* VoiceInputController.swift in Sources */,);
			runOnlyForDeploymentPostprocessing = 0;
		};
/* End PBXSourcesBuildPhase section */

/* Begin PBXFrameworksBuildPhase section */
		600000000000000000000002 /* Frameworks */ = { isa = PBXFrameworksBuildPhase; buildActionMask = 2147483647; files = (); runOnlyForDeploymentPostprocessing = 0; };
		600000000000000000000012 /* Frameworks */ = { isa = PBXFrameworksBuildPhase; buildActionMask = 2147483647; files = (); runOnlyForDeploymentPostprocessing = 0; };
/* End PBXFrameworksBuildPhase section */

/* Begin XCBuildConfiguration section */
		800000000000000000000001 /* Debug */ = { isa = XCBuildConfiguration; buildSettings = { CLANG_ENABLE_MODULES = YES; SWIFT_VERSION = 6.0; }; name = Debug; };
		800000000000000000000002 /* Release */ = { isa = XCBuildConfiguration; buildSettings = { CLANG_ENABLE_MODULES = YES; SWIFT_VERSION = 6.0; }; name = Release; };
		800000000000000000000011 /* Debug */ = { isa = XCBuildConfiguration; buildSettings = { CODE_SIGN_STYLE = Automatic; GENERATE_INFOPLIST_FILE = NO; INFOPLIST_FILE = Configuration/DAKSH-iOS-Info.plist; IPHONEOS_DEPLOYMENT_TARGET = 17.0; PRODUCT_BUNDLE_IDENTIFIER = com.dakshai.client.ios; PRODUCT_NAME = "DAKSH AI"; SDKROOT = iphoneos; SUPPORTS_MACCATALYST = NO; SWIFT_VERSION = 6.0; TARGETED_DEVICE_FAMILY = "1,2"; }; name = Debug; };
		800000000000000000000012 /* Release */ = { isa = XCBuildConfiguration; buildSettings = { CODE_SIGN_STYLE = Automatic; GENERATE_INFOPLIST_FILE = NO; INFOPLIST_FILE = Configuration/DAKSH-iOS-Info.plist; IPHONEOS_DEPLOYMENT_TARGET = 17.0; PRODUCT_BUNDLE_IDENTIFIER = com.dakshai.client.ios; PRODUCT_NAME = "DAKSH AI"; SDKROOT = iphoneos; SUPPORTS_MACCATALYST = NO; SWIFT_VERSION = 6.0; TARGETED_DEVICE_FAMILY = "1,2"; }; name = Release; };
		800000000000000000000021 /* Debug */ = { isa = XCBuildConfiguration; buildSettings = { CODE_SIGN_ENTITLEMENTS = Configuration/DAKSH-macOS.entitlements; CODE_SIGN_STYLE = Automatic; GENERATE_INFOPLIST_FILE = NO; INFOPLIST_FILE = Configuration/DAKSH-macOS-Info.plist; MACOSX_DEPLOYMENT_TARGET = 14.0; PRODUCT_BUNDLE_IDENTIFIER = com.dakshai.client.macos; PRODUCT_NAME = "DAKSH AI"; SDKROOT = macosx; SWIFT_VERSION = 6.0; }; name = Debug; };
		800000000000000000000022 /* Release */ = { isa = XCBuildConfiguration; buildSettings = { CODE_SIGN_ENTITLEMENTS = Configuration/DAKSH-macOS.entitlements; CODE_SIGN_STYLE = Automatic; GENERATE_INFOPLIST_FILE = NO; INFOPLIST_FILE = Configuration/DAKSH-macOS-Info.plist; MACOSX_DEPLOYMENT_TARGET = 14.0; PRODUCT_BUNDLE_IDENTIFIER = com.dakshai.client.macos; PRODUCT_NAME = "DAKSH AI"; SDKROOT = macosx; SWIFT_VERSION = 6.0; }; name = Release; };
/* End XCBuildConfiguration section */

/* Begin XCConfigurationList section */
		500000000000000000000001 /* Build configuration list for PBXNativeTarget "DAKSH iOS" */ = { isa = XCConfigurationList; buildConfigurations = (800000000000000000000011 /* Debug */, 800000000000000000000012 /* Release */,); defaultConfigurationIsVisible = 0; defaultConfigurationName = Release; };
		500000000000000000000002 /* Build configuration list for PBXNativeTarget "DAKSH macOS" */ = { isa = XCConfigurationList; buildConfigurations = (800000000000000000000021 /* Debug */, 800000000000000000000022 /* Release */,); defaultConfigurationIsVisible = 0; defaultConfigurationName = Release; };
		500000000000000000000003 /* Build configuration list for PBXProject "DAKSH" */ = { isa = XCConfigurationList; buildConfigurations = (800000000000000000000001 /* Debug */, 800000000000000000000002 /* Release */,); defaultConfigurationIsVisible = 0; defaultConfigurationName = Release; };
/* End XCConfigurationList section */
	};
	rootObject = 700000000000000000000001 /* Project object */;
}
